
Microsoft Visual Studio Solution File, Format Version 12.00
# Visual Studio Version 17
VisualStudioVersion = 17.4.33213.308
MinimumVisualStudioVersion = 10.0.40219.1
Project("{888888A0-9F3D-457C-B088-3A5042F75D52}") = "program2", "program2.pyproj", "{9667313F-1346-48F3-83B7-EFABAC8B72B1}"
EndProject
Global
	GlobalSection(SolutionConfigurationPlatforms) = preSolution
		Debug|Any CPU = Debug|Any CPU
		Release|Any CPU = Release|Any CPU
	EndGlobalSection
	GlobalSection(ProjectConfigurationPlatforms) = postSolution
		{9667313F-1346-48F3-83B7-EFABAC8B72B1}.Debug|Any CPU.ActiveCfg = Debug|Any CPU
		{9667313F-1346-48F3-83B7-EFABAC8B72B1}.Release|Any CPU.ActiveCfg = Release|Any CPU
	EndGlobalSection
	GlobalSection(SolutionProperties) = preSolution
		HideSolutionNode = FALSE
	EndGlobalSection
	GlobalSection(ExtensibilityGlobals) = postSolution
		SolutionGuid = {D681D170-5F96-4E78-BF25-3B5C823A3B8D}
	EndGlobalSection
EndGlobal
